
Microsoft Visual Studio Solution File, Format Version 12.00
# Visual Studio Version 17
VisualStudioVersion = 17.2.32505.173
MinimumVisualStudioVersion = 10.0.40219.1
Project("{FAE04EC0-301F-11D3-BF4B-00C04F79EFBC}") = "ValveManagement", "ValveManagement\ValveManagement.csproj", "{B5B94D91-17D3-439A-8132-EBD77E946CD1}"
EndProject
Project("{FAE04EC0-301F-11D3-BF4B-00C04F79EFBC}") = "ValveManagement.Common", "ValveManagement.Common\ValveManagement.Common.csproj", "{23241995-FEE1-4C9C-80A9-17AAB991C4C1}"
EndProject
Global
	GlobalSection(SolutionConfigurationPlatforms) = preSolution
		Debug|Any CPU = Debug|Any CPU
		Release|Any CPU = Release|Any CPU
	EndGlobalSection
	GlobalSection(ProjectConfigurationPlatforms) = postSolution
		{B5B94D91-17D3-439A-8132-EBD77E946CD1}.Debug|Any CPU.ActiveCfg = Debug|Any CPU
		{B5B94D91-17D3-439A-8132-EBD77E946CD1}.Debug|Any CPU.Build.0 = Debug|Any CPU
		{B5B94D91-17D3-439A-8132-EBD77E946CD1}.Release|Any CPU.ActiveCfg = Release|Any CPU
		{B5B94D91-17D3-439A-8132-EBD77E946CD1}.Release|Any CPU.Build.0 = Release|Any CPU
		{23241995-FEE1-4C9C-80A9-17AAB991C4C1}.Debug|Any CPU.ActiveCfg = Debug|Any CPU
		{23241995-FEE1-4C9C-80A9-17AAB991C4C1}.Debug|Any CPU.Build.0 = Debug|Any CPU
		{23241995-FEE1-4C9C-80A9-17AAB991C4C1}.Release|Any CPU.ActiveCfg = Release|Any CPU
		{23241995-FEE1-4C9C-80A9-17AAB991C4C1}.Release|Any CPU.Build.0 = Release|Any CPU
	EndGlobalSection
	GlobalSection(SolutionProperties) = preSolution
		HideSolutionNode = FALSE
	EndGlobalSection
	GlobalSection(ExtensibilityGlobals) = postSolution
		SolutionGuid = {1C405508-ECD0-4F68-910C-8C568A90462B}
	EndGlobalSection
EndGlobal
